
Microsoft Visual Studio Solution File, Format Version 12.00
# Visual Studio Version 17
VisualStudioVersion = 17.7.34031.279
MinimumVisualStudioVersion = 10.0.40219.1
Project("{FAE04EC0-301F-11D3-BF4B-00C04F79EFBC}") = "Ежедневник", "Ежедневник\Ежедневник.csproj", "{CA25F22F-25B3-4316-8F39-78BB9EAE9CEC}"
EndProject
Global
	GlobalSection(SolutionConfigurationPlatforms) = preSolution
		Debug|Any CPU = Debug|Any CPU
		Release|Any CPU = Release|Any CPU
	EndGlobalSection
	GlobalSection(ProjectConfigurationPlatforms) = postSolution
		{CA25F22F-25B3-4316-8F39-78BB9EAE9CEC}.Debug|Any CPU.ActiveCfg = Debug|Any CPU
		{CA25F22F-25B3-4316-8F39-78BB9EAE9CEC}.Debug|Any CPU.Build.0 = Debug|Any CPU
		{CA25F22F-25B3-4316-8F39-78BB9EAE9CEC}.Release|Any CPU.ActiveCfg = Release|Any CPU
		{CA25F22F-25B3-4316-8F39-78BB9EAE9CEC}.Release|Any CPU.Build.0 = Release|Any CPU
	EndGlobalSection
	GlobalSection(SolutionProperties) = preSolution
		HideSolutionNode = FALSE
	EndGlobalSection
	GlobalSection(ExtensibilityGlobals) = postSolution
		SolutionGuid = {D36EE676-CA87-4324-B340-6D59DA4EA1E2}
	EndGlobalSection
EndGlobal
